// !$*UTF8*$!
{
	archiveVersion = 1;
	classes = {
	};
	objectVersion = 77;
	objects = {

/* Begin PBXContainerItemProxy section */
		1A77C2172F41E0A200253E73 /* PBXContainerItemProxy */ = {
			isa = PBXContainerItemProxy;
			containerPortal = 1A77C1FF2F41E0A100253E73 /* Project object */;
			proxyType = 1;
			remoteGlobalIDString = 1A77C2062F41E0A100253E73;
			remoteInfo = AusbildungsSpielKoch;
		};
		1A77C2212F41E0A200253E73 /* PBXContainerItemProxy */ = {
			isa = PBXContainerItemProxy;
			containerPortal = 1A77C1FF2F41E0A100253E73 /* Project object */;
			proxyType = 1;
			remoteGlobalIDString = 1A77C2062F41E0A100253E73;
			remoteInfo = AusbildungsSpielKoch;
		};
/* End PBXContainerItemProxy section */

/* Begin PBXFileReference section */
		1A77C2072F41E0A100253E73 /* AusbildungsSpielKoch.app */ = {isa = PBXFileReference; explicitFileType = wrapper.application; includeInIndex = 0; path = AusbildungsSpielKoch.app; sourceTree = BUILT_PRODUCTS_DIR; };
		1A77C2162F41E0A200253E73 /* AusbildungsSpielKochTests.xctest */ = {isa = PBXFileReference; explicitFileType = wrapper.cfbundle; includeInIndex = 0; path = AusbildungsSpielKochTests.xctest; sourceTree = BUILT_PRODUCTS_DIR; };
		1A77C2202F41E0A200253E73 /* AusbildungsSpielKochUITests.xctest */ = {isa = PBXFileReference; explicitFileType = wrapper.cfbundle; includeInIndex = 0; path = AusbildungsSpielKochUITests.xctest; sourceTree = BUILT_PRODUCTS_DIR; };
		1AACCCC82F44813100381304 /* Matjes.xcodeproj */ = {isa = PBXFileReference; lastKnownFileType = "wrapper.pb-project"; path = Matjes.xcodeproj; sourceTree = "<group>"; };
		1AACCCF72F44813100381304 /* AusbildungsSpielKoch.xcodeproj */ = {isa = PBXFileReference; lastKnownFileType = "wrapper.pb-project"; path = AusbildungsSpielKoch.xcodeproj; sourceTree = "<group>"; };
		1AB36AB12F428CFE009DED40 /* Matjes.xcodeproj */ = {isa = PBXFileReference; lastKnownFileType = "wrapper.pb-project"; path = Matjes.xcodeproj; sourceTree = "<group>"; };
		1AB36ADD2F428CFE009DED40 /* AusbildungsSpielKoch.xcodeproj */ = {isa = PBXFileReference; lastKnownFileType = "wrapper.pb-project"; path = AusbildungsSpielKoch.xcodeproj; sourceTree = "<group>"; };
/* End PBXFileReference section */

/* Begin PBXFileSystemSynchronizedRootGroup section */
		1A77C2092F41E0A100253E73 /* AusbildungsSpielKoch */ = {
			isa = PBXFileSystemSynchronizedRootGroup;
			path = AusbildungsSpielKoch;
			sourceTree = "<group>";
		};
		1A77C2192F41E0A200253E73 /* AusbildungsSpielKochTests */ = {
			isa = PBXFileSystemSynchronizedRootGroup;
			path = AusbildungsSpielKochTests;
			sourceTree = "<group>";
		};
		1A77C2232F41E0A200253E73 /* AusbildungsSpielKochUITests */ = {
			isa = PBXFileSystemSynchronizedRootGroup;
			path = AusbildungsSpielKochUITests;
			sourceTree = "<group>";
		};
/* End PBXFileSystemSynchronizedRootGroup section */

/* Begin PBXFrameworksBuildPhase section */
		1A77C2042F41E0A100253E73 /* Frameworks */ = {
			isa = PBXFrameworksBuildPhase;
			buildActionMask = 2147483647;
			files = (
			);
			runOnlyForDeploymentPostprocessing = 0;
		};
		1A77C2132F41E0A200253E73 /* Frameworks */ = {
			isa = PBXFrameworksBuildPhase;
			buildActionMask = 2147483647;
			files = (
			);
			runOnlyForDeploymentPostprocessing = 0;
		};
		1A77C21D2F41E0A200253E73 /* Frameworks */ = {
			isa = PBXFrameworksBuildPhase;
			buildActionMask = 2147483647;
			files = (
			);
			runOnlyForDeploymentPostprocessing = 0;
		};
/* End PBXFrameworksBuildPhase section */

/* Begin PBXGroup section */
		1A77C1FE2F41E0A100253E73 = {
			isa = PBXGroup;
			children = (
				1A77C2092F41E0A100253E73 /* AusbildungsSpielKoch */,
				1A77C2192F41E0A200253E73 /* AusbildungsSpielKochTests */,
				1A77C2232F41E0A200253E73 /* AusbildungsSpielKochUITests */,
				1A77C2082F41E0A100253E73 /* Products */,
			);
			sourceTree = "<group>";
		};
		1A77C2082F41E0A100253E73 /* Products */ = {
			isa = PBXGroup;
			children = (
				1A77C2072F41E0A100253E73 /* AusbildungsSpielKoch.app */,
				1A77C2162F41E0A200253E73 /* AusbildungsSpielKochTests.xctest */,
				1A77C2202F41E0A200253E73 /* AusbildungsSpielKochUITests.xctest */,
			);
			name = Products;
			sourceTree = "<group>";
		};
		1AACCCFB2F44813100381304 /* Products */ = {
			isa = PBXGroup;
			name = Products;
			sourceTree = "<group>";
		};
		1AACCCFD2F44813100381304 /* Products */ = {
			isa = PBXGroup;
			name = Products;
			sourceTree = "<group>";
		};
		1AB36AE02F428CFE009DED40 /* Products */ = {
			isa = PBXGroup;
			name = Products;
			sourceTree = "<group>";
		};
		1AB36AE22F428CFE009DED40 /* Products */ = {
			isa = PBXGroup;
			name = Products;
			sourceTree = "<group>";
		};
/* End PBXGroup section */

/* Begin PBXNativeTarget section */
		1A77C2062F41E0A100253E73 /* AusbildungsSpielKoch */ = {
			isa = PBXNativeTarget;
			buildConfigurationList = 1A77C22A2F41E0A200253E73 /* Build configuration list for PBXNativeTarget "AusbildungsSpielKoch" */;
			buildPhases = (
				1A77C2032F41E0A100253E73 /* Sources */,
				1A77C2042F41E0A100253E73 /* Frameworks */,
				1A77C2052F41E0A100253E73 /* Resources */,
			);
			buildRules = (
			);
			dependencies = (
			);
			fileSystemSynchronizedGroups = (
				1A77C2092F41E0A100253E73 /* AusbildungsSpielKoch */,
			);
			name = AusbildungsSpielKoch;
			packageProductDependencies = (
			);
			productName = AusbildungsSpielKoch;
			productReference = 1A77C2072F41E0A100253E73 /* AusbildungsSpielKoch.app */;
			productType = "com.apple.product-type.application";
		};
		1A77C2152F41E0A200253E73 /* AusbildungsSpielKochTests */ = {
			isa = PBXNativeTarget;
			buildConfigurationList = 1A77C22D2F41E0A200253E73 /* Build configuration list for PBXNativeTarget "AusbildungsSpielKochTests" */;
			buildPhases = (
				1A77C2122F41E0A200253E73 /* Sources */,
				1A77C2132F41E0A200253E73 /* Frameworks */,
				1A77C2142F41E0A200253E73 /* Resources */,
			);
			buildRules = (
			);
			dependencies = (
				1A77C2182F41E0A200253E73 /* PBXTargetDependency */,
			);
			fileSystemSynchronizedGroups = (
				1A77C2192F41E0A200253E73 /* AusbildungsSpielKochTests */,
			);
			name = AusbildungsSpielKochTests;
			packageProductDependencies = (
			);
			productName = AusbildungsSpielKochTests;
			productReference = 1A77C2162F41E0A200253E73 /* AusbildungsSpielKochTests.xctest */;
			productType = "com.apple.product-type.bundle.unit-test";
		};
		1A77C21F2F41E0A200253E73 /* AusbildungsSpielKochUITests */ = {
			isa = PBXNativeTarget;
			buildConfigurationList = 1A77C2302F41E0A200253E73 /* Build configuration list for PBXNativeTarget "AusbildungsSpielKochUITests" */;
			buildPhases = (
				1A77C21C2F41E0A200253E73 /* Sources */,
				1A77C21D2F41E0A200253E73 /* Frameworks */,
				1A77C21E2F41E0A200253E73 /* Resources */,
			);
			buildRules = (
			);
			dependencies = (
				1A77C2222F41E0A200253E73 /* PBXTargetDependency */,
			);
			fileSystemSynchronizedGroups = (
				1A77C2232F41E0A200253E73 /* AusbildungsSpielKochUITests */,
			);
			name = AusbildungsSpielKochUITests;
			packageProductDependencies = (
			);
			productName = AusbildungsSpielKochUITests;
			productReference = 1A77C2202F41E0A200253E73 /* AusbildungsSpielKochUITests.xctest */;
			productType = "com.apple.product-type.bundle.ui-testing";
		};
/* End PBXNativeTarget section */

/* Begin PBXProject section */
		1A77C1FF2F41E0A100253E73 /* Project object */ = {
			isa = PBXProject;
			attributes = {
				BuildIndependentTargetsInParallel = 1;
				LastSwiftUpdateCheck = 2620;
				LastUpgradeCheck = 2620;
				TargetAttributes = {
					1A77C2062F41E0A100253E73 = {
						CreatedOnToolsVersion = 26.2;
					};
					1A77C2152F41E0A200253E73 = {
						CreatedOnToolsVersion = 26.2;
						TestTargetID = 1A77C2062F41E0A100253E73;
					};
					1A77C21F2F41E0A200253E73 = {
						CreatedOnToolsVersion = 26.2;
						TestTargetID = 1A77C2062F41E0A100253E73;
					};
				};
			};
			buildConfigurationList = 1A77C2022F41E0A100253E73 /* Build configuration list for PBXProject "AusbildungsSpielKoch" */;
			developmentRegion = en;
			hasScannedForEncodings = 0;
			knownRegions = (
				en,
				Base,
			);
			mainGroup = 1A77C1FE2F41E0A100253E73;
			minimizedProjectReferenceProxies = 1;
			preferredProjectObjectVersion = 77;
			productRefGroup = 1A77C2082F41E0A100253E73 /* Products */;
			projectDirPath = "";
			projectReferences = (
				{
					ProductGroup = 1AACCCFD2F44813100381304 /* Products */;
					ProjectRef = 1AACCCF72F44813100381304 /* AusbildungsSpielKoch.xcodeproj */;
				},
				{
					ProductGroup = 1AB36AE22F428CFE009DED40 /* Products */;
					ProjectRef = 1AB36ADD2F428CFE009DED40 /* AusbildungsSpielKoch.xcodeproj */;
				},
				{
					ProductGroup = 1AACCCFB2F44813100381304 /* Products */;
					ProjectRef = 1AACCCC82F44813100381304 /* Matjes.xcodeproj */;
				},
				{
					ProductGroup = 1AB36AE02F428CFE009DED40 /* Products */;
					ProjectRef = 1AB36AB12F428CFE009DED40 /* Matjes.xcodeproj */;
				},
			);
			projectRoot = "";
			targets = (
				1A77C2062F41E0A100253E73 /* AusbildungsSpielKoch */,
				1A77C2152F41E0A200253E73 /* AusbildungsSpielKochTests */,
				1A77C21F2F41E0A200253E73 /* AusbildungsSpielKochUITests */,
			);
		};
/* End PBXProject section */

/* Begin PBXResourcesBuildPhase section */
		1A77C2052F41E0A100253E73 /* Resources */ = {
			isa = PBXResourcesBuildPhase;
			buildActionMask = 2147483647;
			files = (
			);
			runOnlyForDeploymentPostprocessing = 0;
		};
		1A77C2142F41E0A200253E73 /* Resources */ = {
			isa = PBXResourcesBuildPhase;
			buildActionMask = 2147483647;
			files = (
			);
			runOnlyForDeploymentPostprocessing = 0;
		};
		1A77C21E2F41E0A200253E73 /* Resources */ = {
			isa = PBXResourcesBuildPhase;
			buildActionMask = 2147483647;
			files = (
			);
			runOnlyForDeploymentPostprocessing = 0;
		};
/* End PBXResourcesBuildPhase section */

/* Begin PBXSourcesBuildPhase section */
		1A77C2032F41E0A100253E73 /* Sources */ = {
			isa = PBXSourcesBuildPhase;
			buildActionMask = 2147483647;
			files = (
			);
			runOnlyForDeploymentPostprocessing = 0;
		};
		1A77C2122F41E0A200253E73 /* Sources */ = {
			isa = PBXSourcesBuildPhase;
			buildActionMask = 2147483647;
			files = (
			);
			runOnlyForDeploymentPostprocessing = 0;
		};
		1A77C21C2F41E0A200253E73 /* Sources */ = {
			isa = PBXSourcesBuildPhase;
			buildActionMask = 2147483647;
			files = (
			);
			runOnlyForDeploymentPostprocessing = 0;
		};
/* End PBXSourcesBuildPhase section */

/* Begin PBXTargetDependency section */
		1A77C2182F41E0A200253E73 /* PBXTargetDependency */ = {
			isa = PBXTargetDependency;
			target = 1A77C2062F41E0A100253E73 /* AusbildungsSpielKoch */;
			targetProxy = 1A77C2172F41E0A200253E73 /* PBXContainerItemProxy */;
		};
		1A77C2222F41E0A200253E73 /* PBXTargetDependency */ = {
			isa = PBXTargetDependency;
			target = 1A77C2062F41E0A100253E73 /* AusbildungsSpielKoch */;
			targetProxy = 1A77C2212F41E0A200253E73 /* PBXContainerItemProxy */;
		};
/* End PBXTargetDependency section */

/* Begin XCBuildConfiguration section */
		1A77C2282F41E0A200253E73 /* Debug */ = {
			isa = XCBuildConfiguration;
			buildSettings = {
				ALWAYS_SEARCH_USER_PATHS = NO;
				ASSETCATALOG_COMPILER_GENERATE_SWIFT_ASSET_SYMBOL_EXTENSIONS = YES;
				CLANG_ANALYZER_NONNULL = YES;
				CLANG_ANALYZER_NUMBER_OBJECT_CONVERSION = YES_AGGRESSIVE;
				CLANG_CXX_LANGUAGE_STANDARD = "gnu++20";
				CLANG_ENABLE_MODULES = YES;
				CLANG_ENABLE_OBJC_ARC = YES;
				CLANG_ENABLE_OBJC_WEAK = YES;
				CLANG_WARN_BLOCK_CAPTURE_AUTORELEASING = YES;
				CLANG_WARN_BOOL_CONVERSION = YES;
				CLANG_WARN_COMMA = YES;
				CLANG_WARN_CONSTANT_CONVERSION = YES;
				CLANG_WARN_DEPRECATED_OBJC_IMPLEMENTATIONS = YES;
				CLANG_WARN_DIRECT_OBJC_ISA_USAGE = YES_ERROR;
				CLANG_WARN_DOCUMENTATION_COMMENTS = YES;
				CLANG_WARN_EMPTY_BODY = YES;
				CLANG_WARN_ENUM_CONVERSION = YES;
				CLANG_WARN_INFINITE_RECURSION = YES;
				CLANG_WARN_INT_CONVERSION = YES;
				CLANG_WARN_NON_LITERAL_NULL_CONVERSION = YES;
				CLANG_WARN_OBJC_IMPLICIT_RETAIN_SELF = YES;
				CLANG_WARN_OBJC_LITERAL_CONVERSION = YES;
				CLANG_WARN_OBJC_ROOT_CLASS = YES_ERROR;
				CLANG_WARN_QUOTED_INCLUDE_IN_FRAMEWORK_HEADER = YES;
				CLANG_WARN_RANGE_LOOP_ANALYSIS = YES;
				CLANG_WARN_STRICT_PROTOTYPES = YES;
				CLANG_WARN_SUSPICIOUS_MOVE = YES;
				CLANG_WARN_UNGUARDED_AVAILABILITY = YES_AGGRESSIVE;
				CLANG_WARN_UNREACHABLE_CODE = YES;
				CLANG_WARN__DUPLICATE_METHOD_MATCH = YES;
				COPY_PHASE_STRIP = NO;
				DEBUG_INFORMATION_FORMAT = dwarf;
				DEVELOPMENT_TEAM = F75D7PGFTD;
				ENABLE_STRICT_OBJC_MSGSEND = YES;
				ENABLE_TESTABILITY = YES;
				ENABLE_USER_SCRIPT_SANDBOXING = YES;
				GCC_C_LANGUAGE_STANDARD = gnu17;
				GCC_DYNAMIC_NO_PIC = NO;
				GCC_NO_COMMON_BLOCKS = YES;
				GCC_OPTIMIZATION_LEVEL = 0;
				GCC_PREPROCESSOR_DEFINITIONS = (
					"DEBUG=1",
					"$(inherited)",
				);
				GCC_WARN_64_TO_32_BIT_CONVERSION = YES;
				GCC_WARN_ABOUT_RETURN_TYPE = YES_ERROR;
				GCC_WARN_UNDECLARED_SELECTOR = YES;
				GCC_WARN_UNINITIALIZED_AUTOS = YES_AGGRESSIVE;
				GCC_WARN_UNUSED_FUNCTION = YES;
				GCC_WARN_UNUSED_VARIABLE = YES;
				IPHONEOS_DEPLOYMENT_TARGET = 26.2;
				LOCALIZATION_PREFERS_STRING_CATALOGS = YES;
				MTL_ENABLE_DEBUG_INFO = INCLUDE_SOURCE;
				MTL_FAST_MATH = YES;
				ONLY_ACTIVE_ARCH = YES;
				SDKROOT = iphoneos;
				SWIFT_ACTIVE_COMPILATION_CONDITIONS = "DEBUG $(inherited)";
				SWIFT_OPTIMIZATION_LEVEL = "-Onone";
			};
			name = Debug;
		};
		1A77C2292F41E0A200253E73 /* Release */ = {
			isa = XCBuildConfiguration;
			buildSettings = {
				ALWAYS_SEARCH_USER_PATHS = NO;
				ASSETCATALOG_COMPILER_GENERATE_SWIFT_ASSET_SYMBOL_EXTENSIONS = YES;
				CLANG_ANALYZER_NONNULL = YES;
				CLANG_ANALYZER_NUMBER_OBJECT_CONVERSION = YES_AGGRESSIVE;
				CLANG_CXX_LANGUAGE_STANDARD = "gnu++20";
				CLANG_ENABLE_MODULES = YES;
				CLANG_ENABLE_OBJC_ARC = YES;
				CLANG_ENABLE_OBJC_WEAK = YES;
				CLANG_WARN_BLOCK_CAPTURE_AUTORELEASING = YES;
				CLANG_WARN_BOOL_CONVERSION = YES;
				CLANG_WARN_COMMA = YES;
				CLANG_WARN_CONSTANT_CONVERSION = YES;
				CLANG_WARN_DEPRECATED_OBJC_IMPLEMENTATIONS = YES;
				CLANG_WARN_DIRECT_OBJC_ISA_USAGE = YES_ERROR;
				CLANG_WARN_DOCUMENTATION_COMMENTS = YES;
				CLANG_WARN_EMPTY_BODY = YES;
				CLANG_WARN_ENUM_CONVERSION = YES;
				CLANG_WARN_INFINITE_RECURSION = YES;
				CLANG_WARN_INT_CONVERSION = YES;
				CLANG_WARN_NON_LITERAL_NULL_CONVERSION = YES;
				CLANG_WARN_OBJC_IMPLICIT_RETAIN_SELF = YES;
				CLANG_WARN_OBJC_LITERAL_CONVERSION = YES;
				CLANG_WARN_OBJC_ROOT_CLASS = YES_ERROR;
				CLANG_WARN_QUOTED_INCLUDE_IN_FRAMEWORK_HEADER = YES;
				CLANG_WARN_RANGE_LOOP_ANALYSIS = YES;
				CLANG_WARN_STRICT_PROTOTYPES = YES;
				CLANG_WARN_SUSPICIOUS_MOVE = YES;
				CLANG_WARN_UNGUARDED_AVAILABILITY = YES_AGGRESSIVE;
				CLANG_WARN_UNREACHABLE_CODE = YES;
				CLANG_WARN__DUPLICATE_METHOD_MATCH = YES;
				COPY_PHASE_STRIP = NO;
				DEBUG_INFORMATION_FORMAT = "dwarf-with-dsym";
				DEVELOPMENT_TEAM = F75D7PGFTD;
				ENABLE_NS_ASSERTIONS = NO;
				ENABLE_STRICT_OBJC_MSGSEND = YES;
				ENABLE_USER_SCRIPT_SANDBOXING = YES;
				GCC_C_LANGUAGE_STANDARD = gnu17;
				GCC_NO_COMMON_BLOCKS = YES;
				GCC_WARN_64_TO_32_BIT_CONVERSION = YES;
				GCC_WARN_ABOUT_RETURN_TYPE = YES_ERROR;
				GCC_WARN_UNDECLARED_SELECTOR = YES;
				GCC_WARN_UNINITIALIZED_AUTOS = YES_AGGRESSIVE;
				GCC_WARN_UNUSED_FUNCTION = YES;
				GCC_WARN_UNUSED_VARIABLE = YES;
				IPHONEOS_DEPLOYMENT_TARGET = 26.2;
				LOCALIZATION_PREFERS_STRING_CATALOGS = YES;
				MTL_ENABLE_DEBUG_INFO = NO;
				MTL_FAST_MATH = YES;
				SDKROOT = iphoneos;
				SWIFT_COMPILATION_MODE = wholemodule;
				VALIDATE_PRODUCT = YES;
			};
			name = Release;
		};
		1A77C22B2F41E0A200253E73 /* Debug */ = {
			isa = XCBuildConfiguration;
			buildSettings = {
				ASSETCATALOG_COMPILER_APPICON_NAME = AppIcon;
				ASSETCATALOG_COMPILER_GLOBAL_ACCENT_COLOR_NAME = AccentColor;
				CODE_SIGN_STYLE = Automatic;
				CURRENT_PROJECT_VERSION = 1;
				DEVELOPMENT_TEAM = F75D7PGFTD;
				ENABLE_PREVIEWS = YES;
				GENERATE_INFOPLIST_FILE = YES;
				INFOPLIST_KEY_UIApplicationSceneManifest_Generation = YES;
				INFOPLIST_KEY_UIApplicationSupportsIndirectInputEvents = YES;
				INFOPLIST_KEY_UILaunchScreen_Generation = YES;
				INFOPLIST_KEY_UISupportedInterfaceOrientations_iPad = "UIInterfaceOrientationPortrait UIInterfaceOrientationPortraitUpsideDown UIInterfaceOrientationLandscapeLeft UIInterfaceOrientationLandscapeRight";
				INFOPLIST_KEY_UISupportedInterfaceOrientations_iPhone = "UIInterfaceOrientationPortrait UIInterfaceOrientationLandscapeLeft UIInterfaceOrientationLandscapeRight";
				IPHONEOS_DEPLOYMENT_TARGET = 17.6;
				LD_RUNPATH_SEARCH_PATHS = (
					"$(inherited)",
					"@executable_path/Frameworks",
				);
				MARKETING_VERSION = 1.0;
				PRODUCT_BUNDLE_IDENTIFIER = io.imops.AusbildungsSpielKoch;
				PRODUCT_NAME = "$(TARGET_NAME)";
				STRING_CATALOG_GENERATE_SYMBOLS = YES;
				SWIFT_APPROACHABLE_CONCURRENCY = YES;
				SWIFT_DEFAULT_ACTOR_ISOLATION = MainActor;
				SWIFT_EMIT_LOC_STRINGS = YES;
				SWIFT_UPCOMING_FEATURE_MEMBER_IMPORT_VISIBILITY = YES;
				SWIFT_VERSION = 5.0;
				TARGETED_DEVICE_FAMILY = "1,2";
			};
			name = Debug;
		};
		1A77C22C2F41E0A200253E73 /* Release */ = {
			isa = XCBuildConfiguration;
			buildSettings = {
				ASSETCATALOG_COMPILER_APPICON_NAME = AppIcon;
				ASSETCATALOG_COMPILER_GLOBAL_ACCENT_COLOR_NAME = AccentColor;
				CODE_SIGN_STYLE = Automatic;
				CURRENT_PROJECT_VERSION = 1;
				DEVELOPMENT_TEAM = F75D7PGFTD;
				ENABLE_PREVIEWS = YES;
				GENERATE_INFOPLIST_FILE = YES;
				INFOPLIST_KEY_UIApplicationSceneManifest_Generation = YES;
				INFOPLIST_KEY_UIApplicationSupportsIndirectInputEvents = YES;
				INFOPLIST_KEY_UILaunchScreen_Generation = YES;
				INFOPLIST_KEY_UISupportedInterfaceOrientations_iPad = "UIInterfaceOrientationPortrait UIInterfaceOrientationPortraitUpsideDown UIInterfaceOrientationLandscapeLeft UIInterfaceOrientationLandscapeRight";
				INFOPLIST_KEY_UISupportedInterfaceOrientations_iPhone = "UIInterfaceOrientationPortrait UIInterfaceOrientationLandscapeLeft UIInterfaceOrientationLandscapeRight";
				IPHONEOS_DEPLOYMENT_TARGET = 17.6;
				LD_RUNPATH_SEARCH_PATHS = (
					"$(inherited)",
					"@executable_path/Frameworks",
				);
				MARKETING_VERSION = 1.0;
				PRODUCT_BUNDLE_IDENTIFIER = io.imops.AusbildungsSpielKoch;
				PRODUCT_NAME = "$(TARGET_NAME)";
				STRING_CATALOG_GENERATE_SYMBOLS = YES;
				SWIFT_APPROACHABLE_CONCURRENCY = YES;
				SWIFT_DEFAULT_ACTOR_ISOLATION = MainActor;
				SWIFT_EMIT_LOC_STRINGS = YES;
				SWIFT_UPCOMING_FEATURE_MEMBER_IMPORT_VISIBILITY = YES;
				SWIFT_VERSION = 5.0;
				TARGETED_DEVICE_FAMILY = "1,2";
			};
			name = Release;
		};
		1A77C22E2F41E0A200253E73 /* Debug */ = {
			isa = XCBuildConfiguration;
			buildSettings = {
				BUNDLE_LOADER = "$(TEST_HOST)";
				CODE_SIGN_STYLE = Automatic;
				CURRENT_PROJECT_VERSION = 1;
				DEVELOPMENT_TEAM = F75D7PGFTD;
				GENERATE_INFOPLIST_FILE = YES;
				IPHONEOS_DEPLOYMENT_TARGET = 26.2;
				MARKETING_VERSION = 1.0;
				PRODUCT_BUNDLE_IDENTIFIER = io.imops.AusbildungsSpielKochTests;
				PRODUCT_NAME = "$(TARGET_NAME)";
				STRING_CATALOG_GENERATE_SYMBOLS = NO;
				SWIFT_APPROACHABLE_CONCURRENCY = YES;
				SWIFT_EMIT_LOC_STRINGS = NO;
				SWIFT_UPCOMING_FEATURE_MEMBER_IMPORT_VISIBILITY = YES;
				SWIFT_VERSION = 5.0;
				TARGETED_DEVICE_FAMILY = "1,2";
				TEST_HOST = "$(BUILT_PRODUCTS_DIR)/AusbildungsSpielKoch.app/$(BUNDLE_EXECUTABLE_FOLDER_PATH)/AusbildungsSpielKoch";
			};
			name = Debug;
		};
		1A77C22F2F41E0A200253E73 /* Release */ = {
			isa = XCBuildConfiguration;
			buildSettings = {
				BUNDLE_LOADER = "$(TEST_HOST)";
				CODE_SIGN_STYLE = Automatic;
				CURRENT_PROJECT_VERSION = 1;
				DEVELOPMENT_TEAM = F75D7PGFTD;
				GENERATE_INFOPLIST_FILE = YES;
				IPHONEOS_DEPLOYMENT_TARGET = 26.2;
				MARKETING_VERSION = 1.0;
				PRODUCT_BUNDLE_IDENTIFIER = io.imops.AusbildungsSpielKochTests;
				PRODUCT_NAME = "$(TARGET_NAME)";
				STRING_CATALOG_GENERATE_SYMBOLS = NO;
				SWIFT_APPROACHABLE_CONCURRENCY = YES;
				SWIFT_EMIT_LOC_STRINGS = NO;
				SWIFT_UPCOMING_FEATURE_MEMBER_IMPORT_VISIBILITY = YES;
				SWIFT_VERSION = 5.0;
				TARGETED_DEVICE_FAMILY = "1,2";
				TEST_HOST = "$(BUILT_PRODUCTS_DIR)/AusbildungsSpielKoch.app/$(BUNDLE_EXECUTABLE_FOLDER_PATH)/AusbildungsSpielKoch";
			};
			name = Release;
		};
		1A77C2312F41E0A200253E73 /* Debug */ = {
			isa = XCBuildConfiguration;
			buildSettings = {
				CODE_SIGN_STYLE = Automatic;
				CURRENT_PROJECT_VERSION = 1;
				DEVELOPMENT_TEAM = F75D7PGFTD;
				GENERATE_INFOPLIST_FILE = YES;
				MARKETING_VERSION = 1.0;
				PRODUCT_BUNDLE_IDENTIFIER = io.imops.AusbildungsSpielKochUITests;
				PRODUCT_NAME = "$(TARGET_NAME)";
				STRING_CATALOG_GENERATE_SYMBOLS = NO;
				SWIFT_APPROACHABLE_CONCURRENCY = YES;
				SWIFT_EMIT_LOC_STRINGS = NO;
				SWIFT_UPCOMING_FEATURE_MEMBER_IMPORT_VISIBILITY = YES;
				SWIFT_VERSION = 5.0;
				TARGETED_DEVICE_FAMILY = "1,2";
				TEST_TARGET_NAME = AusbildungsSpielKoch;
			};
			name = Debug;
		};
		1A77C2322F41E0A200253E73 /* Release */ = {
			isa = XCBuildConfiguration;
			buildSettings = {
				CODE_SIGN_STYLE = Automatic;
				CURRENT_PROJECT_VERSION = 1;
				DEVELOPMENT_TEAM = F75D7PGFTD;
				GENERATE_INFOPLIST_FILE = YES;
				MARKETING_VERSION = 1.0;
				PRODUCT_BUNDLE_IDENTIFIER = io.imops.AusbildungsSpielKochUITests;
				PRODUCT_NAME = "$(TARGET_NAME)";
				STRING_CATALOG_GENERATE_SYMBOLS = NO;
				SWIFT_APPROACHABLE_CONCURRENCY = YES;
				SWIFT_EMIT_LOC_STRINGS = NO;
				SWIFT_UPCOMING_FEATURE_MEMBER_IMPORT_VISIBILITY = YES;
				SWIFT_VERSION = 5.0;
				TARGETED_DEVICE_FAMILY = "1,2";
				TEST_TARGET_NAME = AusbildungsSpielKoch;
			};
			name = Release;
		};
/* End XCBuildConfiguration section */

/* Begin XCConfigurationList section */
		1A77C2022F41E0A100253E73 /* Build configuration list for PBXProject "AusbildungsSpielKoch" */ = {
			isa = XCConfigurationList;
			buildConfigurations = (
				1A77C2282F41E0A200253E73 /* Debug */,
				1A77C2292F41E0A200253E73 /* Release */,
			);
			defaultConfigurationIsVisible = 0;
			defaultConfigurationName = Release;
		};
		1A77C22A2F41E0A200253E73 /* Build configuration list for PBXNativeTarget "AusbildungsSpielKoch" */ = {
			isa = XCConfigurationList;
			buildConfigurations = (
				1A77C22B2F41E0A200253E73 /* Debug */,
				1A77C22C2F41E0A200253E73 /* Release */,
			);
			defaultConfigurationIsVisible = 0;
			defaultConfigurationName = Release;
		};
		1A77C22D2F41E0A200253E73 /* Build configuration list for PBXNativeTarget "AusbildungsSpielKochTests" */ = {
			isa = XCConfigurationList;
			buildConfigurations = (
				1A77C22E2F41E0A200253E73 /* Debug */,
				1A77C22F2F41E0A200253E73 /* Release */,
			);
			defaultConfigurationIsVisible = 0;
			defaultConfigurationName = Release;
		};
		1A77C2302F41E0A200253E73 /* Build configuration list for PBXNativeTarget "AusbildungsSpielKochUITests" */ = {
			isa = XCConfigurationList;
			buildConfigurations = (
				1A77C2312F41E0A200253E73 /* Debug */,
				1A77C2322F41E0A200253E73 /* Release */,
			);
			defaultConfigurationIsVisible = 0;
			defaultConfigurationName = Release;
		};
/* End XCConfigurationList section */
	};
	rootObject = 1A77C1FF2F41E0A100253E73 /* Project object */;
}
